// !$*UTF8*$!
{
	archiveVersion = 1;
	classes = {
	};
	objectVersion = 51;
	objects = {

/* Begin PBXBuildFile section */
		7774CC6A5BFA34C7F7A96EAD /* Pods_PushNotification_iOS.framework in Frameworks */ = {isa = PBXBuildFile; fileRef = 982F8FA08417565BF3A96B48 /* Pods_PushNotification_iOS.framework */; };
		C44E5D5826CFB23C004E0A8E /* AppDelegate.swift in Sources */ = {isa = PBXBuildFile; fileRef = C44E5D5726CFB23C004E0A8E /* AppDelegate.swift */; };
		C44E5D5A26CFB23C004E0A8E /* SceneDelegate.swift in Sources */ = {isa = PBXBuildFile; fileRef = C44E5D5926CFB23C004E0A8E /* SceneDelegate.swift */; };
		C44E5D5C26CFB23C004E0A8E /* ViewController.swift in Sources */ = {isa = PBXBuildFile; fileRef = C44E5D5B26CFB23C004E0A8E /* ViewController.swift */; };
		C44E5D5F26CFB23C004E0A8E /* Main.storyboard in Resources */ = {isa = PBXBuildFile; fileRef = C44E5D5D26CFB23C004E0A8E /* Main.storyboard */; };
		C44E5D6126CFB23F004E0A8E /* Assets.xcassets in Resources */ = {isa = PBXBuildFile; fileRef = C44E5D6026CFB23F004E0A8E /* Assets.xcassets */; };
		C44E5D6426CFB23F004E0A8E /* LaunchScreen.storyboard in Resources */ = {isa = PBXBuildFile; fileRef = C44E5D6226CFB23F004E0A8E /* LaunchScreen.storyboard */; };
		C44E5D6E26CFB721004E0A8E /* GoogleService-Info.plist in Resources */ = {isa = PBXBuildFile; fileRef = C44E5D6D26CFB721004E0A8E /* GoogleService-Info.plist */; };
/* End PBXBuildFile section */

/* Begin PBXFileReference section */
		72B201A91C2EFB7C47D9E88C /* Pods-PushNotification-iOS.release.xcconfig */ = {isa = PBXFileReference; includeInIndex = 1; lastKnownFileType = text.xcconfig; name = "Pods-PushNotification-iOS.release.xcconfig"; path = "Target Support Files/Pods-PushNotification-iOS/Pods-PushNotification-iOS.release.xcconfig"; sourceTree = "<group>"; };
		982F8FA08417565BF3A96B48 /* Pods_PushNotification_iOS.framework */ = {isa = PBXFileReference; explicitFileType = wrapper.framework; includeInIndex = 0; path = Pods_PushNotification_iOS.framework; sourceTree = BUILT_PRODUCTS_DIR; };
		C44E5D5426CFB23C004E0A8E /* PushNotification-iOS.app */ = {isa = PBXFileReference; explicitFileType = wrapper.application; includeInIndex = 0; path = "PushNotification-iOS.app"; sourceTree = BUILT_PRODUCTS_DIR; };
		C44E5D5726CFB23C004E0A8E /* AppDelegate.swift */ = {isa = PBXFileReference; lastKnownFileType = sourcecode.swift; path = AppDelegate.swift; sourceTree = "<group>"; };
		C44E5D5926CFB23C004E0A8E /* SceneDelegate.swift */ = {isa = PBXFileReference; lastKnownFileType = sourcecode.swift; path = SceneDelegate.swift; sourceTree = "<group>"; };
		C44E5D5B26CFB23C004E0A8E /* ViewController.swift */ = {isa = PBXFileReference; lastKnownFileType = sourcecode.swift; path = ViewController.swift; sourceTree = "<group>"; };
		C44E5D5E26CFB23C004E0A8E /* Base */ = {isa = PBXFileReference; lastKnownFileType = file.storyboard; name = Base; path = Base.lproj/Main.storyboard; sourceTree = "<group>"; };
		C44E5D6026CFB23F004E0A8E /* Assets.xcassets */ = {isa = PBXFileReference; lastKnownFileType = folder.assetcatalog; path = Assets.xcassets; sourceTree = "<group>"; };
		C44E5D6326CFB23F004E0A8E /* Base */ = {isa = PBXFileReference; lastKnownFileType = file.storyboard; name = Base; path = Base.lproj/LaunchScreen.storyboard; sourceTree = "<group>"; };
		C44E5D6526CFB23F004E0A8E /* Info.plist */ = {isa = PBXFileReference; lastKnownFileType = text.plist.xml; path = Info.plist; sourceTree = "<group>"; };
		C44E5D6C26CFB254004E0A8E /* PushNotification-iOS.entitlements */ = {isa = PBXFileReference; lastKnownFileType = text.plist.entitlements; path = "PushNotification-iOS.entitlements"; sourceTree = "<group>"; };
		C44E5D6D26CFB721004E0A8E /* GoogleService-Info.plist */ = {isa = PBXFileReference; fileEncoding = 4; lastKnownFileType = text.plist.xml; name = "GoogleService-Info.plist"; path = "../../../Downloads/GoogleService-Info.plist"; sourceTree = "<group>"; };
		D9FA54378CA1E46CF531377A /* Pods-PushNotification-iOS.debug.xcconfig */ = {isa = PBXFileReference; includeInIndex = 1; lastKnownFileType = text.xcconfig; name = "Pods-PushNotification-iOS.debug.xcconfig"; path = "Target Support Files/Pods-PushNotification-iOS/Pods-PushNotification-iOS.debug.xcconfig"; sourceTree = "<group>"; };
/* End PBXFileReference section */

/* Begin PBXFrameworksBuildPhase section */
		C44E5D5126CFB23C004E0A8E /* Frameworks */ = {
			isa = PBXFrameworksBuildPhase;
			buildActionMask = 2147483647;
			files = (
				7774CC6A5BFA34C7F7A96EAD /* Pods_PushNotification_iOS.framework in Frameworks */,
			);
			runOnlyForDeploymentPostprocessing = 0;
		};
/* End PBXFrameworksBuildPhase section */

/* Begin PBXGroup section */
		82DB1A1A01CBC4349FCCED76 /* Pods */ = {
			isa = PBXGroup;
			children = (
				D9FA54378CA1E46CF531377A /* Pods-PushNotification-iOS.debug.xcconfig */,
				72B201A91C2EFB7C47D9E88C /* Pods-PushNotification-iOS.release.xcconfig */,
			);
			path = Pods;
			sourceTree = "<group>";
		};
		BEF8BF895DD14B7CA6FF7BEF /* Frameworks */ = {
			isa = PBXGroup;
			children = (
				982F8FA08417565BF3A96B48 /* Pods_PushNotification_iOS.framework */,
			);
			name = Frameworks;
			sourceTree = "<group>";
		};
		C44E5D4B26CFB23C004E0A8E = {
			isa = PBXGroup;
			children = (
				C44E5D5626CFB23C004E0A8E /* PushNotification-iOS */,
				C44E5D5526CFB23C004E0A8E /* Products */,
				82DB1A1A01CBC4349FCCED76 /* Pods */,
				BEF8BF895DD14B7CA6FF7BEF /* Frameworks */,
			);
			sourceTree = "<group>";
		};
		C44E5D5526CFB23C004E0A8E /* Products */ = {
			isa = PBXGroup;
			children = (
				C44E5D5426CFB23C004E0A8E /* PushNotification-iOS.app */,
			);
			name = Products;
			sourceTree = "<group>";
		};
		C44E5D5626CFB23C004E0A8E /* PushNotification-iOS */ = {
			isa = PBXGroup;
			children = (
				C44E5D6C26CFB254004E0A8E /* PushNotification-iOS.entitlements */,
				C44E5D5726CFB23C004E0A8E /* AppDelegate.swift */,
				C44E5D5926CFB23C004E0A8E /* SceneDelegate.swift */,
				C44E5D5B26CFB23C004E0A8E /* ViewController.swift */,
				C44E5D5D26CFB23C004E0A8E /* Main.storyboard */,
				C44E5D6026CFB23F004E0A8E /* Assets.xcassets */,
				C44E5D6226CFB23F004E0A8E /* LaunchScreen.storyboard */,
				C44E5D6526CFB23F004E0A8E /* Info.plist */,
				C44E5D6D26CFB721004E0A8E /* GoogleService-Info.plist */,
			);
			path = "PushNotification-iOS";
			sourceTree = "<group>";
		};
/* End PBXGroup section */

/* Begin PBXNativeTarget section */
		C44E5D5326CFB23C004E0A8E /* PushNotification-iOS */ = {
			isa = PBXNativeTarget;
			buildConfigurationList = C44E5D6826CFB23F004E0A8E /* Build configuration list for PBXNativeTarget "PushNotification-iOS" */;
			buildPhases = (
				014A68FD719858281534B360 /* [CP] Check Pods Manifest.lock */,
				C44E5D5026CFB23C004E0A8E /* Sources */,
				C44E5D5126CFB23C004E0A8E /* Frameworks */,
				C44E5D5226CFB23C004E0A8E /* Resources */,
				ADFB8608AA53AF62097FB9CA /* [CP] Embed Pods Frameworks */,
			);
			buildRules = (
			);
			dependencies = (
			);
			name = "PushNotification-iOS";
			productName = "PushNotification-iOS";
			productReference = C44E5D5426CFB23C004E0A8E /* PushNotification-iOS.app */;
			productType = "com.apple.product-type.application";
		};
/* End PBXNativeTarget section */

/* Begin PBXProject section */
		C44E5D4C26CFB23C004E0A8E /* Project object */ = {
			isa = PBXProject;
			attributes = {
				LastSwiftUpdateCheck = 1240;
				LastUpgradeCheck = 1240;
				TargetAttributes = {
					C44E5D5326CFB23C004E0A8E = {
						CreatedOnToolsVersion = 12.4;
					};
				};
			};
			buildConfigurationList = C44E5D4F26CFB23C004E0A8E /* Build configuration list for PBXProject "PushNotification-iOS" */;
			compatibilityVersion = "Xcode 9.3";
			developmentRegion = en;
			hasScannedForEncodings = 0;
			knownRegions = (
				en,
				Base,
			);
			mainGroup = C44E5D4B26CFB23C004E0A8E;
			productRefGroup = C44E5D5526CFB23C004E0A8E /* Products */;
			projectDirPath = "";
			projectRoot = "";
			targets = (
				C44E5D5326CFB23C004E0A8E /* PushNotification-iOS */,
			);
		};
/* End PBXProject section */

/* Begin PBXResourcesBuildPhase section */
		C44E5D5226CFB23C004E0A8E /* Resources */ = {
			isa = PBXResourcesBuildPhase;
			buildActionMask = 2147483647;
			files = (
				C44E5D6426CFB23F004E0A8E /* LaunchScreen.storyboard in Resources */,
				C44E5D6E26CFB721004E0A8E /* GoogleService-Info.plist in Resources */,
				C44E5D6126CFB23F004E0A8E /* Assets.xcassets in Resources */,
				C44E5D5F26CFB23C004E0A8E /* Main.storyboard in Resources */,
			);
			runOnlyForDeploymentPostprocessing = 0;
		};
/* End PBXResourcesBuildPhase section */

/* Begin PBXShellScriptBuildPhase section */
		014A68FD719858281534B360 /* [CP] Check Pods Manifest.lock */ = {
			isa = PBXShellScriptBuildPhase;
			buildActionMask = 2147483647;
			files = (
			);
			inputFileListPaths = (
			);
			inputPaths = (
				"${PODS_PODFILE_DIR_PATH}/Podfile.lock",
				"${PODS_ROOT}/Manifest.lock",
			);
			name = "[CP] Check Pods Manifest.lock";
			outputFileListPaths = (
			);
			outputPaths = (
				"$(DERIVED_FILE_DIR)/Pods-PushNotification-iOS-checkManifestLockResult.txt",
			);
			runOnlyForDeploymentPostprocessing = 0;
			shellPath = /bin/sh;
			shellScript = "diff \"${PODS_PODFILE_DIR_PATH}/Podfile.lock\" \"${PODS_ROOT}/Manifest.lock\" > /dev/null\nif [ $? != 0 ] ; then\n    # print error to STDERR\n    echo \"error: The sandbox is not in sync with the Podfile.lock. Run 'pod install' or update your CocoaPods installation.\" >&2\n    exit 1\nfi\n# This output is used by Xcode 'outputs' to avoid re-running this script phase.\necho \"SUCCESS\" > \"${SCRIPT_OUTPUT_FILE_0}\"\n";
			showEnvVarsInLog = 0;
		};
		ADFB8608AA53AF62097FB9CA /* [CP] Embed Pods Frameworks */ = {
			isa = PBXShellScriptBuildPhase;
			buildActionMask = 2147483647;
			files = (
			);
			inputFileListPaths = (
				"${PODS_ROOT}/Target Support Files/Pods-PushNotification-iOS/Pods-PushNotification-iOS-frameworks-${CONFIGURATION}-input-files.xcfilelist",
			);
			name = "[CP] Embed Pods Frameworks";
			outputFileListPaths = (
				"${PODS_ROOT}/Target Support Files/Pods-PushNotification-iOS/Pods-PushNotification-iOS-frameworks-${CONFIGURATION}-output-files.xcfilelist",
			);
			runOnlyForDeploymentPostprocessing = 0;
			shellPath = /bin/sh;
			shellScript = "\"${PODS_ROOT}/Target Support Files/Pods-PushNotification-iOS/Pods-PushNotification-iOS-frameworks.sh\"\n";
			showEnvVarsInLog = 0;
		};
/* End PBXShellScriptBuildPhase section */

/* Begin PBXSourcesBuildPhase section */
		C44E5D5026CFB23C004E0A8E /* Sources */ = {
			isa = PBXSourcesBuildPhase;
			buildActionMask = 2147483647;
			files = (
				C44E5D5C26CFB23C004E0A8E /* ViewController.swift in Sources */,
				C44E5D5826CFB23C004E0A8E /* AppDelegate.swift in Sources */,
				C44E5D5A26CFB23C004E0A8E /* SceneDelegate.swift in Sources */,
			);
			runOnlyForDeploymentPostprocessing = 0;
		};
/* End PBXSourcesBuildPhase section */

/* Begin PBXVariantGroup section */
		C44E5D5D26CFB23C004E0A8E /* Main.storyboard */ = {
			isa = PBXVariantGroup;
			children = (
				C44E5D5E26CFB23C004E0A8E /* Base */,
			);
			name = Main.storyboard;
			sourceTree = "<group>";
		};
		C44E5D6226CFB23F004E0A8E /* LaunchScreen.storyboard */ = {
			isa = PBXVariantGroup;
			children = (
				C44E5D6326CFB23F004E0A8E /* Base */,
			);
			name = LaunchScreen.storyboard;
			sourceTree = "<group>";
		};
/* End PBXVariantGroup section */

/* Begin XCBuildConfiguration section */
		C44E5D6626CFB23F004E0A8E /* Debug */ = {
			isa = XCBuildConfiguration;
			buildSettings = {
				ALWAYS_SEARCH_USER_PATHS = NO;
				CLANG_ANALYZER_NONNULL = YES;
				CLANG_ANALYZER_NUMBER_OBJECT_CONVERSION = YES_AGGRESSIVE;
				CLANG_CXX_LANGUAGE_STANDARD = "gnu++14";
				CLANG_CXX_LIBRARY = "libc++";
				CLANG_ENABLE_MODULES = YES;
				CLANG_ENABLE_OBJC_ARC = YES;
				CLANG_ENABLE_OBJC_WEAK = YES;
				CLANG_WARN_BLOCK_CAPTURE_AUTORELEASING = YES;
				CLANG_WARN_BOOL_CONVERSION = YES;
				CLANG_WARN_COMMA = YES;
				CLANG_WARN_CONSTANT_CONVERSION = YES;
				CLANG_WARN_DEPRECATED_OBJC_IMPLEMENTATIONS = YES;
				CLANG_WARN_DIRECT_OBJC_ISA_USAGE = YES_ERROR;
				CLANG_WARN_DOCUMENTATION_COMMENTS = YES;
				CLANG_WARN_EMPTY_BODY = YES;
				CLANG_WARN_ENUM_CONVERSION = YES;
				CLANG_WARN_INFINITE_RECURSION = YES;
				CLANG_WARN_INT_CONVERSION = YES;
				CLANG_WARN_NON_LITERAL_NULL_CONVERSION = YES;
				CLANG_WARN_OBJC_IMPLICIT_RETAIN_SELF = YES;
				CLANG_WARN_OBJC_LITERAL_CONVERSION = YES;
				CLANG_WARN_OBJC_ROOT_CLASS = YES_ERROR;
				CLANG_WARN_QUOTED_INCLUDE_IN_FRAMEWORK_HEADER = YES;
				CLANG_WARN_RANGE_LOOP_ANALYSIS = YES;
				CLANG_WARN_STRICT_PROTOTYPES = YES;
				CLANG_WARN_SUSPICIOUS_MOVE = YES;
				CLANG_WARN_UNGUARDED_AVAILABILITY = YES_AGGRESSIVE;
				CLANG_WARN_UNREACHABLE_CODE = YES;
				CLANG_WARN__DUPLICATE_METHOD_MATCH = YES;
				COPY_PHASE_STRIP = NO;
				DEBUG_INFORMATION_FORMAT = dwarf;
				ENABLE_STRICT_OBJC_MSGSEND = YES;
				ENABLE_TESTABILITY = YES;
				GCC_C_LANGUAGE_STANDARD = gnu11;
				GCC_DYNAMIC_NO_PIC = NO;
				GCC_NO_COMMON_BLOCKS = YES;
				GCC_OPTIMIZATION_LEVEL = 0;
				GCC_PREPROCESSOR_DEFINITIONS = (
					"DEBUG=1",
					"$(inherited)",
				);
				GCC_WARN_64_TO_32_BIT_CONVERSION = YES;
				GCC_WARN_ABOUT_RETURN_TYPE = YES_ERROR;
				GCC_WARN_UNDECLARED_SELECTOR = YES;
				GCC_WARN_UNINITIALIZED_AUTOS = YES_AGGRESSIVE;
				GCC_WARN_UNUSED_FUNCTION = YES;
				GCC_WARN_UNUSED_VARIABLE = YES;
				IPHONEOS_DEPLOYMENT_TARGET = 14.4;
				MTL_ENABLE_DEBUG_INFO = INCLUDE_SOURCE;
				MTL_FAST_MATH = YES;
				ONLY_ACTIVE_ARCH = YES;
				SDKROOT = iphoneos;
				SWIFT_ACTIVE_COMPILATION_CONDITIONS = DEBUG;
				SWIFT_OPTIMIZATION_LEVEL = "-Onone";
			};
			name = Debug;
		};
		C44E5D6726CFB23F004E0A8E /* Release */ = {
			isa = XCBuildConfiguration;
			buildSettings = {
				ALWAYS_SEARCH_USER_PATHS = NO;
				CLANG_ANALYZER_NONNULL = YES;
				CLANG_ANALYZER_NUMBER_OBJECT_CONVERSION = YES_AGGRESSIVE;
				CLANG_CXX_LANGUAGE_STANDARD = "gnu++14";
				CLANG_CXX_LIBRARY = "libc++";
				CLANG_ENABLE_MODULES = YES;
				CLANG_ENABLE_OBJC_ARC = YES;
				CLANG_ENABLE_OBJC_WEAK = YES;
				CLANG_WARN_BLOCK_CAPTURE_AUTORELEASING = YES;
				CLANG_WARN_BOOL_CONVERSION = YES;
				CLANG_WARN_COMMA = YES;
				CLANG_WARN_CONSTANT_CONVERSION = YES;
				CLANG_WARN_DEPRECATED_OBJC_IMPLEMENTATIONS = YES;
				CLANG_WARN_DIRECT_OBJC_ISA_USAGE = YES_ERROR;
				CLANG_WARN_DOCUMENTATION_COMMENTS = YES;
				CLANG_WARN_EMPTY_BODY = YES;
				CLANG_WARN_ENUM_CONVERSION = YES;
				CLANG_WARN_INFINITE_RECURSION = YES;
				CLANG_WARN_INT_CONVERSION = YES;
				CLANG_WARN_NON_LITERAL_NULL_CONVERSION = YES;
				CLANG_WARN_OBJC_IMPLICIT_RETAIN_SELF = YES;
				CLANG_WARN_OBJC_LITERAL_CONVERSION = YES;
				CLANG_WARN_OBJC_ROOT_CLASS = YES_ERROR;
				CLANG_WARN_QUOTED_INCLUDE_IN_FRAMEWORK_HEADER = YES;
				CLANG_WARN_RANGE_LOOP_ANALYSIS = YES;
				CLANG_WARN_STRICT_PROTOTYPES = YES;
				CLANG_WARN_SUSPICIOUS_MOVE = YES;
				CLANG_WARN_UNGUARDED_AVAILABILITY = YES_AGGRESSIVE;
				CLANG_WARN_UNREACHABLE_CODE = YES;
				CLANG_WARN__DUPLICATE_METHOD_MATCH = YES;
				COPY_PHASE_STRIP = NO;
				DEBUG_INFORMATION_FORMAT = "dwarf-with-dsym";
				ENABLE_NS_ASSERTIONS = NO;
				ENABLE_STRICT_OBJC_MSGSEND = YES;
				GCC_C_LANGUAGE_STANDARD = gnu11;
				GCC_NO_COMMON_BLOCKS = YES;
				GCC_WARN_64_TO_32_BIT_CONVERSION = YES;
				GCC_WARN_ABOUT_RETURN_TYPE = YES_ERROR;
				GCC_WARN_UNDECLARED_SELECTOR = YES;
				GCC_WARN_UNINITIALIZED_AUTOS = YES_AGGRESSIVE;
				GCC_WARN_UNUSED_FUNCTION = YES;
				GCC_WARN_UNUSED_VARIABLE = YES;
				IPHONEOS_DEPLOYMENT_TARGET = 14.4;
				MTL_ENABLE_DEBUG_INFO = NO;
				MTL_FAST_MATH = YES;
				SDKROOT = iphoneos;
				SWIFT_COMPILATION_MODE = wholemodule;
				SWIFT_OPTIMIZATION_LEVEL = "-O";
				VALIDATE_PRODUCT = YES;
			};
			name = Release;
		};
		C44E5D6926CFB23F004E0A8E /* Debug */ = {
			isa = XCBuildConfiguration;
			baseConfigurationReference = D9FA54378CA1E46CF531377A /* Pods-PushNotification-iOS.debug.xcconfig */;
			buildSettings = {
				ASSETCATALOG_COMPILER_APPICON_NAME = AppIcon;
				ASSETCATALOG_COMPILER_GLOBAL_ACCENT_COLOR_NAME = AccentColor;
				CODE_SIGN_ENTITLEMENTS = "PushNotification-iOS/PushNotification-iOS.entitlements";
				CODE_SIGN_STYLE = Automatic;
				DEVELOPMENT_TEAM = 5F3NH25QP2;
				INFOPLIST_FILE = "PushNotification-iOS/Info.plist";
				LD_RUNPATH_SEARCH_PATHS = (
					"$(inherited)",
					"@executable_path/Frameworks",
				);
				PRODUCT_BUNDLE_IDENTIFIER = com.company.PushNotification.debug;
				PRODUCT_NAME = "$(TARGET_NAME)";
				SWIFT_VERSION = 5.0;
				TARGETED_DEVICE_FAMILY = "1,2";
			};
			name = Debug;
		};
		C44E5D6A26CFB23F004E0A8E /* Release */ = {
			isa = XCBuildConfiguration;
			baseConfigurationReference = 72B201A91C2EFB7C47D9E88C /* Pods-PushNotification-iOS.release.xcconfig */;
			buildSettings = {
				ASSETCATALOG_COMPILER_APPICON_NAME = AppIcon;
				ASSETCATALOG_COMPILER_GLOBAL_ACCENT_COLOR_NAME = AccentColor;
				CODE_SIGN_ENTITLEMENTS = "PushNotification-iOS/PushNotification-iOS.entitlements";
				CODE_SIGN_STYLE = Automatic;
				DEVELOPMENT_TEAM = 5F3NH25QP2;
				INFOPLIST_FILE = "PushNotification-iOS/Info.plist";
				LD_RUNPATH_SEARCH_PATHS = (
					"$(inherited)",
					"@executable_path/Frameworks",
				);
				PRODUCT_BUNDLE_IDENTIFIER = com.company.PushNotification.debug;
				PRODUCT_NAME = "$(TARGET_NAME)";
				SWIFT_VERSION = 5.0;
				TARGETED_DEVICE_FAMILY = "1,2";
			};
			name = Release;
		};
/* End XCBuildConfiguration section */

/* Begin XCConfigurationList section */
		C44E5D4F26CFB23C004E0A8E /* Build configuration list for PBXProject "PushNotification-iOS" */ = {
			isa = XCConfigurationList;
			buildConfigurations = (
				C44E5D6626CFB23F004E0A8E /* Debug */,
				C44E5D6726CFB23F004E0A8E /* Release */,
			);
			defaultConfigurationIsVisible = 0;
			defaultConfigurationName = Release;
		};
		C44E5D6826CFB23F004E0A8E /* Build configuration list for PBXNativeTarget "PushNotification-iOS" */ = {
			isa = XCConfigurationList;
			buildConfigurations = (
				C44E5D6926CFB23F004E0A8E /* Debug */,
				C44E5D6A26CFB23F004E0A8E /* Release */,
			);
			defaultConfigurationIsVisible = 0;
			defaultConfigurationName = Release;
		};
/* End XCConfigurationList section */
	};
	rootObject = C44E5D4C26CFB23C004E0A8E /* Project object */;
}
